// !$*UTF8*$!
{
	archiveVersion = 1;
	classes = {
	};
	objectVersion = 46;
	objects = {

/* Begin PBXBuildFile section */
		BC818A0D1C577A5B00F2BBB0 /* main.m in Sources */ = {isa = PBXBuildFile; fileRef = BC818A0C1C577A5B00F2BBB0 /* main.m */; };
		BC818A101C577A5B00F2BBB0 /* AppDelegate.m in Sources */ = {isa = PBXBuildFile; fileRef = BC818A0F1C577A5B00F2BBB0 /* AppDelegate.m */; };
		BC818A131C577A5B00F2BBB0 /* ViewController.m in Sources */ = {isa = PBXBuildFile; fileRef = BC818A121C577A5B00F2BBB0 /* ViewController.m */; };
		BC818A161C577A5B00F2BBB0 /* Main.storyboard in Resources */ = {isa = PBXBuildFile; fileRef = BC818A141C577A5B00F2BBB0 /* Main.storyboard */; };
		BC818A181C577A5B00F2BBB0 /* Assets.xcassets in Resources */ = {isa = PBXBuildFile; fileRef = BC818A171C577A5B00F2BBB0 /* Assets.xcassets */; };
		BC818A1B1C577A5B00F2BBB0 /* LaunchScreen.storyboard in Resources */ = {isa = PBXBuildFile; fileRef = BC818A191C577A5B00F2BBB0 /* LaunchScreen.storyboard */; };
		BC818A261C577A5B00F2BBB0 /* dmoTests.m in Sources */ = {isa = PBXBuildFile; fileRef = BC818A251C577A5B00F2BBB0 /* dmoTests.m */; };
		BC818A311C577A5C00F2BBB0 /* dmoUITests.m in Sources */ = {isa = PBXBuildFile; fileRef = BC818A301C577A5C00F2BBB0 /* dmoUITests.m */; };
/* End PBXBuildFile section */

/* Begin PBXContainerItemProxy section */
		BC818A221C577A5B00F2BBB0 /* PBXContainerItemProxy */ = {
			isa = PBXContainerItemProxy;
			containerPortal = BC818A001C577A5B00F2BBB0 /* Project object */;
			proxyType = 1;
			remoteGlobalIDString = BC818A071C577A5B00F2BBB0;
			remoteInfo = dmo;
		};
		BC818A2D1C577A5B00F2BBB0 /* PBXContainerItemProxy */ = {
			isa = PBXContainerItemProxy;
			containerPortal = BC818A001C577A5B00F2BBB0 /* Project object */;
			proxyType = 1;
			remoteGlobalIDString = BC818A071C577A5B00F2BBB0;
			remoteInfo = dmo;
		};
/* End PBXContainerItemProxy section */

/* Begin PBXFileReference section */
		BC818A081C577A5B00F2BBB0 /* dmo.app */ = {isa = PBXFileReference; explicitFileType = wrapper.application; includeInIndex = 0; path = dmo.app; sourceTree = BUILT_PRODUCTS_DIR; };
		BC818A0C1C577A5B00F2BBB0 /* main.m */ = {isa = PBXFileReference; lastKnownFileType = sourcecode.c.objc; path = main.m; sourceTree = "<group>"; };
		BC818A0E1C577A5B00F2BBB0 /* AppDelegate.h */ = {isa = PBXFileReference; lastKnownFileType = sourcecode.c.h; path = AppDelegate.h; sourceTree = "<group>"; };
		BC818A0F1C577A5B00F2BBB0 /* AppDelegate.m */ = {isa = PBXFileReference; lastKnownFileType = sourcecode.c.objc; path = AppDelegate.m; sourceTree = "<group>"; };
		BC818A111C577A5B00F2BBB0 /* ViewController.h */ = {isa = PBXFileReference; lastKnownFileType = sourcecode.c.h; path = ViewController.h; sourceTree = "<group>"; };
		BC818A121C577A5B00F2BBB0 /* ViewController.m */ = {isa = PBXFileReference; lastKnownFileType = sourcecode.c.objc; path = ViewController.m; sourceTree = "<group>"; };
		BC818A151C577A5B00F2BBB0 /* Base */ = {isa = PBXFileReference; lastKnownFileType = file.storyboard; name = Base; path = Base.lproj/Main.storyboard; sourceTree = "<group>"; };
		BC818A171C577A5B00F2BBB0 /* Assets.xcassets */ = {isa = PBXFileReference; lastKnownFileType = folder.assetcatalog; path = Assets.xcassets; sourceTree = "<group>"; };
		BC818A1A1C577A5B00F2BBB0 /* Base */ = {isa = PBXFileReference; lastKnownFileType = file.storyboard; name = Base; path = Base.lproj/LaunchScreen.storyboard; sourceTree = "<group>"; };
		BC818A1C1C577A5B00F2BBB0 /* Info.plist */ = {isa = PBXFileReference; lastKnownFileType = text.plist.xml; path = Info.plist; sourceTree = "<group>"; };
		BC818A211C577A5B00F2BBB0 /* dmoTests.xctest */ = {isa = PBXFileReference; explicitFileType = wrapper.cfbundle; includeInIndex = 0; path = dmoTests.xctest; sourceTree = BUILT_PRODUCTS_DIR; };
		BC818A251C577A5B00F2BBB0 /* dmoTests.m */ = {isa = PBXFileReference; lastKnownFileType = sourcecode.c.objc; path = dmoTests.m; sourceTree = "<group>"; };
		BC818A271C577A5B00F2BBB0 /* Info.plist */ = {isa = PBXFileReference; lastKnownFileType = text.plist.xml; path = Info.plist; sourceTree = "<group>"; };
		BC818A2C1C577A5B00F2BBB0 /* dmoUITests.xctest */ = {isa = PBXFileReference; explicitFileType = wrapper.cfbundle; includeInIndex = 0; path = dmoUITests.xctest; sourceTree = BUILT_PRODUCTS_DIR; };
		BC818A301C577A5C00F2BBB0 /* dmoUITests.m */ = {isa = PBXFileReference; lastKnownFileType = sourcecode.c.objc; path = dmoUITests.m; sourceTree = "<group>"; };
		BC818A321C577A5C00F2BBB0 /* Info.plist */ = {isa = PBXFileReference; lastKnownFileType = text.plist.xml; path = Info.plist; sourceTree = "<group>"; };
/* End PBXFileReference section */

/* Begin PBXFrameworksBuildPhase section */
		BC818A051C577A5B00F2BBB0 /* Frameworks */ = {
			isa = PBXFrameworksBuildPhase;
			buildActionMask = 2147483647;
			files = (
			);
			runOnlyForDeploymentPostprocessing = 0;
		};
		BC818A1E1C577A5B00F2BBB0 /* Frameworks */ = {
			isa = PBXFrameworksBuildPhase;
			buildActionMask = 2147483647;
			files = (
			);
			runOnlyForDeploymentPostprocessing = 0;
		};
		BC818A291C577A5B00F2BBB0 /* Frameworks */ = {
			isa = PBXFrameworksBuildPhase;
			buildActionMask = 2147483647;
			files = (
			);
			runOnlyForDeploymentPostprocessing = 0;
		};
/* End PBXFrameworksBuildPhase section */

/* Begin PBXGroup section */
		BC8189FF1C577A5B00F2BBB0 = {
			isa = PBXGroup;
			children = (
				BC818A0A1C577A5B00F2BBB0 /* dmo */,
				BC818A241C577A5B00F2BBB0 /* dmoTests */,
				BC818A2F1C577A5C00F2BBB0 /* dmoUITests */,
				BC818A091C577A5B00F2BBB0 /* Products */,
			);
			sourceTree = "<group>";
		};
		BC818A091C577A5B00F2BBB0 /* Products */ = {
			isa = PBXGroup;
			children = (
				BC818A081C577A5B00F2BBB0 /* dmo.app */,
				BC818A211C577A5B00F2BBB0 /* dmoTests.xctest */,
				BC818A2C1C577A5B00F2BBB0 /* dmoUITests.xctest */,
			);
			name = Products;
			sourceTree = "<group>";
		};
		BC818A0A1C577A5B00F2BBB0 /* dmo */ = {
			isa = PBXGroup;
			children = (
				BC818A0E1C577A5B00F2BBB0 /* AppDelegate.h */,
				BC818A0F1C577A5B00F2BBB0 /* AppDelegate.m */,
				BC818A111C577A5B00F2BBB0 /* ViewController.h */,
				BC818A121C577A5B00F2BBB0 /* ViewController.m */,
				BC818A141C577A5B00F2BBB0 /* Main.storyboard */,
				BC818A171C577A5B00F2BBB0 /* Assets.xcassets */,
				BC818A191C577A5B00F2BBB0 /* LaunchScreen.storyboard */,
				BC818A1C1C577A5B00F2BBB0 /* Info.plist */,
				BC818A0B1C577A5B00F2BBB0 /* Supporting Files */,
			);
			path = dmo;
			sourceTree = "<group>";
		};
		BC818A0B1C577A5B00F2BBB0 /* Supporting Files */ = {
			isa = PBXGroup;
			children = (
				BC818A0C1C577A5B00F2BBB0 /* main.m */,
			);
			name = "Supporting Files";
			sourceTree = "<group>";
		};
		BC818A241C577A5B00F2BBB0 /* dmoTests */ = {
			isa = PBXGroup;
			children = (
				BC818A251C577A5B00F2BBB0 /* dmoTests.m */,
				BC818A271C577A5B00F2BBB0 /* Info.plist */,
			);
			path = dmoTests;
			sourceTree = "<group>";
		};
		BC818A2F1C577A5C00F2BBB0 /* dmoUITests */ = {
			isa = PBXGroup;
			children = (
				BC818A301C577A5C00F2BBB0 /* dmoUITests.m */,
				BC818A321C577A5C00F2BBB0 /* Info.plist */,
			);
			path = dmoUITests;
			sourceTree = "<group>";
		};
/* End PBXGroup section */

/* Begin PBXNativeTarget section */
		BC818A071C577A5B00F2BBB0 /* dmo */ = {
			isa = PBXNativeTarget;
			buildConfigurationList = BC818A351C577A5C00F2BBB0 /* Build configuration list for PBXNativeTarget "dmo" */;
			buildPhases = (
				BC818A041C577A5B00F2BBB0 /* Sources */,
				BC818A051C577A5B00F2BBB0 /* Frameworks */,
				BC818A061C577A5B00F2BBB0 /* Resources */,
			);
			buildRules = (
			);
			dependencies = (
			);
			name = dmo;
			productName = dmo;
			productReference = BC818A081C577A5B00F2BBB0 /* dmo.app */;
			productType = "com.apple.product-type.application";
		};
		BC818A201C577A5B00F2BBB0 /* dmoTests */ = {
			isa = PBXNativeTarget;
			buildConfigurationList = BC818A381C577A5C00F2BBB0 /* Build configuration list for PBXNativeTarget "dmoTests" */;
			buildPhases = (
				BC818A1D1C577A5B00F2BBB0 /* Sources */,
				BC818A1E1C577A5B00F2BBB0 /* Frameworks */,
				BC818A1F1C577A5B00F2BBB0 /* Resources */,
			);
			buildRules = (
			);
			dependencies = (
				BC818A231C577A5B00F2BBB0 /* PBXTargetDependency */,
			);
			name = dmoTests;
			productName = dmoTests;
			productReference = BC818A211C577A5B00F2BBB0 /* dmoTests.xctest */;
			productType = "com.apple.product-type.bundle.unit-test";
		};
		BC818A2B1C577A5B00F2BBB0 /* dmoUITests */ = {
			isa = PBXNativeTarget;
			buildConfigurationList = BC818A3B1C577A5C00F2BBB0 /* Build configuration list for PBXNativeTarget "dmoUITests" */;
			buildPhases = (
				BC818A281C577A5B00F2BBB0 /* Sources */,
				BC818A291C577A5B00F2BBB0 /* Frameworks */,
				BC818A2A1C577A5B00F2BBB0 /* Resources */,
			);
			buildRules = (
			);
			dependencies = (
				BC818A2E1C577A5B00F2BBB0 /* PBXTargetDependency */,
			);
			name = dmoUITests;
			productName = dmoUITests;
			productReference = BC818A2C1C577A5B00F2BBB0 /* dmoUITests.xctest */;
			productType = "com.apple.product-type.bundle.ui-testing";
		};
/* End PBXNativeTarget section */

/* Begin PBXProject section */
		BC818A001C577A5B00F2BBB0 /* Project object */ = {
			isa = PBXProject;
			attributes = {
				LastUpgradeCheck = 0720;
				ORGANIZATIONNAME = "冯逸帆";
				TargetAttributes = {
					BC818A071C577A5B00F2BBB0 = {
						CreatedOnToolsVersion = 7.2;
					};
					BC818A201C577A5B00F2BBB0 = {
						CreatedOnToolsVersion = 7.2;
						TestTargetID = BC818A071C577A5B00F2BBB0;
					};
					BC818A2B1C577A5B00F2BBB0 = {
						CreatedOnToolsVersion = 7.2;
						TestTargetID = BC818A071C577A5B00F2BBB0;
					};
				};
			};
			buildConfigurationList = BC818A031C577A5B00F2BBB0 /* Build configuration list for PBXProject "dmo" */;
			compatibilityVersion = "Xcode 3.2";
			developmentRegion = English;
			hasScannedForEncodings = 0;
			knownRegions = (
				en,
				Base,
			);
			mainGroup = BC8189FF1C577A5B00F2BBB0;
			productRefGroup = BC818A091C577A5B00F2BBB0 /* Products */;
			projectDirPath = "";
			projectRoot = "";
			targets = (
				BC818A071C577A5B00F2BBB0 /* dmo */,
				BC818A201C577A5B00F2BBB0 /* dmoTests */,
				BC818A2B1C577A5B00F2BBB0 /* dmoUITests */,
			);
		};
/* End PBXProject section */

/* Begin PBXResourcesBuildPhase section */
		BC818A061C577A5B00F2BBB0 /* Resources */ = {
			isa = PBXResourcesBuildPhase;
			buildActionMask = 2147483647;
			files = (
				BC818A1B1C577A5B00F2BBB0 /* LaunchScreen.storyboard in Resources */,
				BC818A181C577A5B00F2BBB0 /* Assets.xcassets in Resources */,
				BC818A161C577A5B00F2BBB0 /* Main.storyboard in Resources */,
			);
			runOnlyForDeploymentPostprocessing = 0;
		};
		BC818A1F1C577A5B00F2BBB0 /* Resources */ = {
			isa = PBXResourcesBuildPhase;
			buildActionMask = 2147483647;
			files = (
			);
			runOnlyForDeploymentPostprocessing = 0;
		};
		BC818A2A1C577A5B00F2BBB0 /* Resources */ = {
			isa = PBXResourcesBuildPhase;
			buildActionMask = 2147483647;
			files = (
			);
			runOnlyForDeploymentPostprocessing = 0;
		};
/* End PBXResourcesBuildPhase section */

/* Begin PBXSourcesBuildPhase section */
		BC818A041C577A5B00F2BBB0 /* Sources */ = {
			isa = PBXSourcesBuildPhase;
			buildActionMask = 2147483647;
			files = (
				BC818A131C577A5B00F2BBB0 /* ViewController.m in Sources */,
				BC818A101C577A5B00F2BBB0 /* AppDelegate.m in Sources */,
				BC818A0D1C577A5B00F2BBB0 /* main.m in Sources */,
			);
			runOnlyForDeploymentPostprocessing = 0;
		};
		BC818A1D1C577A5B00F2BBB0 /* Sources */ = {
			isa = PBXSourcesBuildPhase;
			buildActionMask = 2147483647;
			files = (
				BC818A261C577A5B00F2BBB0 /* dmoTests.m in Sources */,
			);
			runOnlyForDeploymentPostprocessing = 0;
		};
		BC818A281C577A5B00F2BBB0 /* Sources */ = {
			isa = PBXSourcesBuildPhase;
			buildActionMask = 2147483647;
			files = (
				BC818A311C577A5C00F2BBB0 /* dmoUITests.m in Sources */,
			);
			runOnlyForDeploymentPostprocessing = 0;
		};
/* End PBXSourcesBuildPhase section */

/* Begin PBXTargetDependency section */
		BC818A231C577A5B00F2BBB0 /* PBXTargetDependency */ = {
			isa = PBXTargetDependency;
			target = BC818A071C577A5B00F2BBB0 /* dmo */;
			targetProxy = BC818A221C577A5B00F2BBB0 /* PBXContainerItemProxy */;
		};
		BC818A2E1C577A5B00F2BBB0 /* PBXTargetDependency */ = {
			isa = PBXTargetDependency;
			target = BC818A071C577A5B00F2BBB0 /* dmo */;
			targetProxy = BC818A2D1C577A5B00F2BBB0 /* PBXContainerItemProxy */;
		};
/* End PBXTargetDependency section */

/* Begin PBXVariantGroup section */
		BC818A141C577A5B00F2BBB0 /* Main.storyboard */ = {
			isa = PBXVariantGroup;
			children = (
				BC818A151C577A5B00F2BBB0 /* Base */,
			);
			name = Main.storyboard;
			sourceTree = "<group>";
		};
		BC818A191C577A5B00F2BBB0 /* LaunchScreen.storyboard */ = {
			isa = PBXVariantGroup;
			children = (
				BC818A1A1C577A5B00F2BBB0 /* Base */,
			);
			name = LaunchScreen.storyboard;
			sourceTree = "<group>";
		};
/* End PBXVariantGroup section */

/* Begin XCBuildConfiguration section */
		BC818A331C577A5C00F2BBB0 /* Debug */ = {
			isa = XCBuildConfiguration;
			buildSettings = {
				ALWAYS_SEARCH_USER_PATHS = NO;
				CLANG_CXX_LANGUAGE_STANDARD = "gnu++0x";
				CLANG_CXX_LIBRARY = "libc++";
				CLANG_ENABLE_MODULES = YES;
				CLANG_ENABLE_OBJC_ARC = YES;
				CLANG_WARN_BOOL_CONVERSION = YES;
				CLANG_WARN_CONSTANT_CONVERSION = YES;
				CLANG_WARN_DIRECT_OBJC_ISA_USAGE = YES_ERROR;
				CLANG_WARN_EMPTY_BODY = YES;
				CLANG_WARN_ENUM_CONVERSION = YES;
				CLANG_WARN_INT_CONVERSION = YES;
				CLANG_WARN_OBJC_ROOT_CLASS = YES_ERROR;
				CLANG_WARN_UNREACHABLE_CODE = YES;
				CLANG_WARN__DUPLICATE_METHOD_MATCH = YES;
				"CODE_SIGN_IDENTITY[sdk=iphoneos*]" = "iPhone Developer";
				COPY_PHASE_STRIP = NO;
				DEBUG_INFORMATION_FORMAT = dwarf;
				ENABLE_STRICT_OBJC_MSGSEND = YES;
				ENABLE_TESTABILITY = YES;
				GCC_C_LANGUAGE_STANDARD = gnu99;
				GCC_DYNAMIC_NO_PIC = NO;
				GCC_NO_COMMON_BLOCKS = YES;
				GCC_OPTIMIZATION_LEVEL = 0;
				GCC_PREPROCESSOR_DEFINITIONS = (
					"DEBUG=1",
					"$(inherited)",
				);
				GCC_WARN_64_TO_32_BIT_CONVERSION = YES;
				GCC_WARN_ABOUT_RETURN_TYPE = YES_ERROR;
				GCC_WARN_UNDECLARED_SELECTOR = YES;
				GCC_WARN_UNINITIALIZED_AUTOS = YES_AGGRESSIVE;
				GCC_WARN_UNUSED_FUNCTION = YES;
				GCC_WARN_UNUSED_VARIABLE = YES;
				IPHONEOS_DEPLOYMENT_TARGET = 9.2;
				MTL_ENABLE_DEBUG_INFO = YES;
				ONLY_ACTIVE_ARCH = YES;
				SDKROOT = iphoneos;
			};
			name = Debug;
		};
		BC818A341C577A5C00F2BBB0 /* Release */ = {
			isa = XCBuildConfiguration;
			buildSettings = {
				ALWAYS_SEARCH_USER_PATHS = NO;
				CLANG_CXX_LANGUAGE_STANDARD = "gnu++0x";
				CLANG_CXX_LIBRARY = "libc++";
				CLANG_ENABLE_MODULES = YES;
				CLANG_ENABLE_OBJC_ARC = YES;
				CLANG_WARN_BOOL_CONVERSION = YES;
				CLANG_WARN_CONSTANT_CONVERSION = YES;
				CLANG_WARN_DIRECT_OBJC_ISA_USAGE = YES_ERROR;
				CLANG_WARN_EMPTY_BODY = YES;
				CLANG_WARN_ENUM_CONVERSION = YES;
				CLANG_WARN_INT_CONVERSION = YES;
				CLANG_WARN_OBJC_ROOT_CLASS = YES_ERROR;
				CLANG_WARN_UNREACHABLE_CODE = YES;
				CLANG_WARN__DUPLICATE_METHOD_MATCH = YES;
				"CODE_SIGN_IDENTITY[sdk=iphoneos*]" = "iPhone Developer";
				COPY_PHASE_STRIP = NO;
				DEBUG_INFORMATION_FORMAT = "dwarf-with-dsym";
				ENABLE_NS_ASSERTIONS = NO;
				ENABLE_STRICT_OBJC_MSGSEND = YES;
				GCC_C_LANGUAGE_STANDARD = gnu99;
				GCC_NO_COMMON_BLOCKS = YES;
				GCC_WARN_64_TO_32_BIT_CONVERSION = YES;
				GCC_WARN_ABOUT_RETURN_TYPE = YES_ERROR;
				GCC_WARN_UNDECLARED_SELECTOR = YES;
				GCC_WARN_UNINITIALIZED_AUTOS = YES_AGGRESSIVE;
				GCC_WARN_UNUSED_FUNCTION = YES;
				GCC_WARN_UNUSED_VARIABLE = YES;
				IPHONEOS_DEPLOYMENT_TARGET = 9.2;
				MTL_ENABLE_DEBUG_INFO = NO;
				SDKROOT = iphoneos;
				VALIDATE_PRODUCT = YES;
			};
			name = Release;
		};
		BC818A361C577A5C00F2BBB0 /* Debug */ = {
			isa = XCBuildConfiguration;
			buildSettings = {
				ASSETCATALOG_COMPILER_APPICON_NAME = AppIcon;
				INFOPLIST_FILE = dmo/Info.plist;
				LD_RUNPATH_SEARCH_PATHS = "$(inherited) @executable_path/Frameworks";
				PRODUCT_BUNDLE_IDENTIFIER = com.1519.dmo;
				PRODUCT_NAME = "$(TARGET_NAME)";
			};
			name = Debug;
		};
		BC818A371C577A5C00F2BBB0 /* Release */ = {
			isa = XCBuildConfiguration;
			buildSettings = {
				ASSETCATALOG_COMPILER_APPICON_NAME = AppIcon;
				INFOPLIST_FILE = dmo/Info.plist;
				LD_RUNPATH_SEARCH_PATHS = "$(inherited) @executable_path/Frameworks";
				PRODUCT_BUNDLE_IDENTIFIER = com.1519.dmo;
				PRODUCT_NAME = "$(TARGET_NAME)";
			};
			name = Release;
		};
		BC818A391C577A5C00F2BBB0 /* Debug */ = {
			isa = XCBuildConfiguration;
			buildSettings = {
				BUNDLE_LOADER = "$(TEST_HOST)";
				INFOPLIST_FILE = dmoTests/Info.plist;
				LD_RUNPATH_SEARCH_PATHS = "$(inherited) @executable_path/Frameworks @loader_path/Frameworks";
				PRODUCT_BUNDLE_IDENTIFIER = com.1519.dmoTests;
				PRODUCT_NAME = "$(TARGET_NAME)";
				TEST_HOST = "$(BUILT_PRODUCTS_DIR)/dmo.app/dmo";
			};
			name = Debug;
		};
		BC818A3A1C577A5C00F2BBB0 /* Release */ = {
			isa = XCBuildConfiguration;
			buildSettings = {
				BUNDLE_LOADER = "$(TEST_HOST)";
				INFOPLIST_FILE = dmoTests/Info.plist;
				LD_RUNPATH_SEARCH_PATHS = "$(inherited) @executable_path/Frameworks @loader_path/Frameworks";
				PRODUCT_BUNDLE_IDENTIFIER = com.1519.dmoTests;
				PRODUCT_NAME = "$(TARGET_NAME)";
				TEST_HOST = "$(BUILT_PRODUCTS_DIR)/dmo.app/dmo";
			};
			name = Release;
		};
		BC818A3C1C577A5C00F2BBB0 /* Debug */ = {
			isa = XCBuildConfiguration;
			buildSettings = {
				INFOPLIST_FILE = dmoUITests/Info.plist;
				LD_RUNPATH_SEARCH_PATHS = "$(inherited) @executable_path/Frameworks @loader_path/Frameworks";
				PRODUCT_BUNDLE_IDENTIFIER = com.1519.dmoUITests;
				PRODUCT_NAME = "$(TARGET_NAME)";
				TEST_TARGET_NAME = dmo;
				USES_XCTRUNNER = YES;
			};
			name = Debug;
		};
		BC818A3D1C577A5C00F2BBB0 /* Release */ = {
			isa = XCBuildConfiguration;
			buildSettings = {
				INFOPLIST_FILE = dmoUITests/Info.plist;
				LD_RUNPATH_SEARCH_PATHS = "$(inherited) @executable_path/Frameworks @loader_path/Frameworks";
				PRODUCT_BUNDLE_IDENTIFIER = com.1519.dmoUITests;
				PRODUCT_NAME = "$(TARGET_NAME)";
				TEST_TARGET_NAME = dmo;
				USES_XCTRUNNER = YES;
			};
			name = Release;
		};
/* End XCBuildConfiguration section */

/* Begin XCConfigurationList section */
		BC818A031C577A5B00F2BBB0 /* Build configuration list for PBXProject "dmo" */ = {
			isa = XCConfigurationList;
			buildConfigurations = (
				BC818A331C577A5C00F2BBB0 /* Debug */,
				BC818A341C577A5C00F2BBB0 /* Release */,
			);
			defaultConfigurationIsVisible = 0;
			defaultConfigurationName = Release;
		};
		BC818A351C577A5C00F2BBB0 /* Build configuration list for PBXNativeTarget "dmo" */ = {
			isa = XCConfigurationList;
			buildConfigurations = (
				BC818A361C577A5C00F2BBB0 /* Debug */,
				BC818A371C577A5C00F2BBB0 /* Release */,
			);
			defaultConfigurationIsVisible = 0;
		};
		BC818A381C577A5C00F2BBB0 /* Build configuration list for PBXNativeTarget "dmoTests" */ = {
			isa = XCConfigurationList;
			buildConfigurations = (
				BC818A391C577A5C00F2BBB0 /* Debug */,
				BC818A3A1C577A5C00F2BBB0 /* Release */,
			);
			defaultConfigurationIsVisible = 0;
		};
		BC818A3B1C577A5C00F2BBB0 /* Build configuration list for PBXNativeTarget "dmoUITests" */ = {
			isa = XCConfigurationList;
			buildConfigurations = (
				BC818A3C1C577A5C00F2BBB0 /* Debug */,
				BC818A3D1C577A5C00F2BBB0 /* Release */,
			);
			defaultConfigurationIsVisible = 0;
		};
/* End XCConfigurationList section */
	};
	rootObject = BC818A001C577A5B00F2BBB0 /* Project object */;
}
